
Microsoft Visual Studio Solution File, Format Version 12.00
# Visual Studio 15
VisualStudioVersion = 15.0.27703.2000
MinimumVisualStudioVersion = 10.0.40219.1
Project("{8BC9CEB8-8B4A-11D0-8D11-00A0C91BC942}") = "FAP", "FAP\FAP.vcxproj", "{77597240-1DBC-4A10-8871-CD12E33D0AFA}"
EndProject
Project("{8BC9CEB8-8B4A-11D0-8D11-00A0C91BC942}") = "Tests", "Tests\Tests.vcxproj", "{588E62AE-205B-4723-B738-8CAC35D3C457}"
	ProjectSection(ProjectDependencies) = postProject
		{C99ABF61-6716-4FC0-AA77-9A136EA61680} = {C99ABF61-6716-4FC0-AA77-9A136EA61680}
		{843656FD-9BFD-47BF-8460-7BFE9710EA2C} = {843656FD-9BFD-47BF-8460-7BFE9710EA2C}
	EndProjectSection
EndProject
Project("{8BC9CEB8-8B4A-11D0-8D11-00A0C91BC942}") = "BWAPIClient", "external\BWAPI\bwapi\BWAPIClient\BWAPIClient.vcxproj", "{C99ABF61-6716-4FC0-AA77-9A136EA61680}"
	ProjectSection(ProjectDependencies) = postProject
		{3CC5BA45-00B1-4B7C-BF07-341C90343F39} = {3CC5BA45-00B1-4B7C-BF07-341C90343F39}
	EndProjectSection
EndProject
Project("{8BC9CEB8-8B4A-11D0-8D11-00A0C91BC942}") = "BWAPILIB", "external\BWAPI\bwapi\BWAPILIB\BWAPILIB.vcxproj", "{843656FD-9BFD-47BF-8460-7BFE9710EA2C}"
	ProjectSection(ProjectDependencies) = postProject
		{3CC5BA45-00B1-4B7C-BF07-341C90343F39} = {3CC5BA45-00B1-4B7C-BF07-341C90343F39}
	EndProjectSection
EndProject
Project("{8BC9CEB8-8B4A-11D0-8D11-00A0C91BC942}") = "SVNRevGen", "external\BWAPI\bwapi\SVNRevGen\SVNRevGen.vcxproj", "{3CC5BA45-00B1-4B7C-BF07-341C90343F39}"
EndProject
Project("{8BC9CEB8-8B4A-11D0-8D11-00A0C91BC942}") = "BWAPICore", "external\BWAPI\bwapi\BWAPICore\BWAPICore.vcxproj", "{B6097062-8179-4F1F-9185-381FC4980C47}"
EndProject
Project("{8BC9CEB8-8B4A-11D0-8D11-00A0C91BC942}") = "Util", "external\BWAPI\bwapi\Util\Util.vcxproj", "{C252CA4E-FFA0-404C-B5B4-614CF330C084}"
	ProjectSection(ProjectDependencies) = postProject
		{3CC5BA45-00B1-4B7C-BF07-341C90343F39} = {3CC5BA45-00B1-4B7C-BF07-341C90343F39}
	EndProjectSection
EndProject
Project("{2150E333-8FDC-42A3-9474-1A3956D46DE8}") = "BWAPI", "BWAPI", "{8E9B09F0-63D0-486A-A48D-003B1144A21D}"
EndProject
Global
	GlobalSection(SolutionConfigurationPlatforms) = preSolution
		Debug_NoCopy|x86 = Debug_NoCopy|x86
		Debug|x86 = Debug|x86
		Release_NoCopy|x86 = Release_NoCopy|x86
		Release|x86 = Release|x86
	EndGlobalSection
	GlobalSection(ProjectConfigurationPlatforms) = postSolution
		{77597240-1DBC-4A10-8871-CD12E33D0AFA}.Debug_NoCopy|x86.ActiveCfg = Debug|Win32
		{77597240-1DBC-4A10-8871-CD12E33D0AFA}.Debug_NoCopy|x86.Build.0 = Debug|Win32
		{77597240-1DBC-4A10-8871-CD12E33D0AFA}.Debug|x86.ActiveCfg = Debug|Win32
		{77597240-1DBC-4A10-8871-CD12E33D0AFA}.Debug|x86.Build.0 = Debug|Win32
		{77597240-1DBC-4A10-8871-CD12E33D0AFA}.Release_NoCopy|x86.ActiveCfg = Release|Win32
		{77597240-1DBC-4A10-8871-CD12E33D0AFA}.Release_NoCopy|x86.Build.0 = Release|Win32
		{77597240-1DBC-4A10-8871-CD12E33D0AFA}.Release|x86.ActiveCfg = Release|Win32
		{77597240-1DBC-4A10-8871-CD12E33D0AFA}.Release|x86.Build.0 = Release|Win32
		{588E62AE-205B-4723-B738-8CAC35D3C457}.Debug_NoCopy|x86.ActiveCfg = Debug|Win32
		{588E62AE-205B-4723-B738-8CAC35D3C457}.Debug_NoCopy|x86.Build.0 = Debug|Win32
		{588E62AE-205B-4723-B738-8CAC35D3C457}.Debug|x86.ActiveCfg = Debug|Win32
		{588E62AE-205B-4723-B738-8CAC35D3C457}.Debug|x86.Build.0 = Debug|Win32
		{588E62AE-205B-4723-B738-8CAC35D3C457}.Release_NoCopy|x86.ActiveCfg = Release|Win32
		{588E62AE-205B-4723-B738-8CAC35D3C457}.Release_NoCopy|x86.Build.0 = Release|Win32
		{588E62AE-205B-4723-B738-8CAC35D3C457}.Release|x86.ActiveCfg = Release|Win32
		{588E62AE-205B-4723-B738-8CAC35D3C457}.Release|x86.Build.0 = Release|Win32
		{C99ABF61-6716-4FC0-AA77-9A136EA61680}.Debug_NoCopy|x86.ActiveCfg = Debug_NoCopy|Win32
		{C99ABF61-6716-4FC0-AA77-9A136EA61680}.Debug_NoCopy|x86.Build.0 = Debug_NoCopy|Win32
		{C99ABF61-6716-4FC0-AA77-9A136EA61680}.Debug|x86.ActiveCfg = Debug_NoCopy|Win32
		{C99ABF61-6716-4FC0-AA77-9A136EA61680}.Debug|x86.Build.0 = Debug_NoCopy|Win32
		{C99ABF61-6716-4FC0-AA77-9A136EA61680}.Release_NoCopy|x86.ActiveCfg = Release_NoCopy|Win32
		{C99ABF61-6716-4FC0-AA77-9A136EA61680}.Release_NoCopy|x86.Build.0 = Release_NoCopy|Win32
		{C99ABF61-6716-4FC0-AA77-9A136EA61680}.Release|x86.ActiveCfg = Release_NoCopy|Win32
		{C99ABF61-6716-4FC0-AA77-9A136EA61680}.Release|x86.Build.0 = Release_NoCopy|Win32
		{843656FD-9BFD-47BF-8460-7BFE9710EA2C}.Debug_NoCopy|x86.ActiveCfg = Debug_NoCopy|Win32
		{843656FD-9BFD-47BF-8460-7BFE9710EA2C}.Debug_NoCopy|x86.Build.0 = Debug_NoCopy|Win32
		{843656FD-9BFD-47BF-8460-7BFE9710EA2C}.Debug|x86.ActiveCfg = Debug_NoCopy|Win32
		{843656FD-9BFD-47BF-8460-7BFE9710EA2C}.Debug|x86.Build.0 = Debug_NoCopy|Win32
		{843656FD-9BFD-47BF-8460-7BFE9710EA2C}.Release_NoCopy|x86.ActiveCfg = Release_NoCopy|Win32
		{843656FD-9BFD-47BF-8460-7BFE9710EA2C}.Release_NoCopy|x86.Build.0 = Release_NoCopy|Win32
		{843656FD-9BFD-47BF-8460-7BFE9710EA2C}.Release|x86.ActiveCfg = Release_NoCopy|Win32
		{843656FD-9BFD-47BF-8460-7BFE9710EA2C}.Release|x86.Build.0 = Release_NoCopy|Win32
		{3CC5BA45-00B1-4B7C-BF07-341C90343F39}.Debug_NoCopy|x86.ActiveCfg = Debug|Win32
		{3CC5BA45-00B1-4B7C-BF07-341C90343F39}.Debug_NoCopy|x86.Build.0 = Debug|Win32
		{3CC5BA45-00B1-4B7C-BF07-341C90343F39}.Debug|x86.ActiveCfg = Debug|Win32
		{3CC5BA45-00B1-4B7C-BF07-341C90343F39}.Debug|x86.Build.0 = Debug|Win32
		{3CC5BA45-00B1-4B7C-BF07-341C90343F39}.Release_NoCopy|x86.ActiveCfg = Release|Win32
		{3CC5BA45-00B1-4B7C-BF07-341C90343F39}.Release_NoCopy|x86.Build.0 = Release|Win32
		{3CC5BA45-00B1-4B7C-BF07-341C90343F39}.Release|x86.ActiveCfg = Release|Win32
		{3CC5BA45-00B1-4B7C-BF07-341C90343F39}.Release|x86.Build.0 = Release|Win32
		{B6097062-8179-4F1F-9185-381FC4980C47}.Debug_NoCopy|x86.ActiveCfg = Debug|Win32
		{B6097062-8179-4F1F-9185-381FC4980C47}.Debug_NoCopy|x86.Build.0 = Debug|Win32
		{B6097062-8179-4F1F-9185-381FC4980C47}.Debug|x86.ActiveCfg = Debug|Win32
		{B6097062-8179-4F1F-9185-381FC4980C47}.Debug|x86.Build.0 = Debug|Win32
		{B6097062-8179-4F1F-9185-381FC4980C47}.Release_NoCopy|x86.ActiveCfg = Release|Win32
		{B6097062-8179-4F1F-9185-381FC4980C47}.Release_NoCopy|x86.Build.0 = Release|Win32
		{B6097062-8179-4F1F-9185-381FC4980C47}.Release|x86.ActiveCfg = Release|Win32
		{B6097062-8179-4F1F-9185-381FC4980C47}.Release|x86.Build.0 = Release|Win32
		{C252CA4E-FFA0-404C-B5B4-614CF330C084}.Debug_NoCopy|x86.ActiveCfg = Debug|Win32
		{C252CA4E-FFA0-404C-B5B4-614CF330C084}.Debug_NoCopy|x86.Build.0 = Debug|Win32
		{C252CA4E-FFA0-404C-B5B4-614CF330C084}.Debug|x86.ActiveCfg = Debug|Win32
		{C252CA4E-FFA0-404C-B5B4-614CF330C084}.Debug|x86.Build.0 = Debug|Win32
		{C252CA4E-FFA0-404C-B5B4-614CF330C084}.Release_NoCopy|x86.ActiveCfg = Release|Win32
		{C252CA4E-FFA0-404C-B5B4-614CF330C084}.Release_NoCopy|x86.Build.0 = Release|Win32
		{C252CA4E-FFA0-404C-B5B4-614CF330C084}.Release|x86.ActiveCfg = Release|Win32
		{C252CA4E-FFA0-404C-B5B4-614CF330C084}.Release|x86.Build.0 = Release|Win32
	EndGlobalSection
	GlobalSection(SolutionProperties) = preSolution
		HideSolutionNode = FALSE
	EndGlobalSection
	GlobalSection(NestedProjects) = preSolution
		{C99ABF61-6716-4FC0-AA77-9A136EA61680} = {8E9B09F0-63D0-486A-A48D-003B1144A21D}
		{843656FD-9BFD-47BF-8460-7BFE9710EA2C} = {8E9B09F0-63D0-486A-A48D-003B1144A21D}
		{3CC5BA45-00B1-4B7C-BF07-341C90343F39} = {8E9B09F0-63D0-486A-A48D-003B1144A21D}
		{B6097062-8179-4F1F-9185-381FC4980C47} = {8E9B09F0-63D0-486A-A48D-003B1144A21D}
		{C252CA4E-FFA0-404C-B5B4-614CF330C084} = {8E9B09F0-63D0-486A-A48D-003B1144A21D}
	EndGlobalSection
	GlobalSection(ExtensibilityGlobals) = postSolution
		SolutionGuid = {950EDA96-73CB-484B-8934-62138ECDE148}
	EndGlobalSection
EndGlobal
